
Microsoft Visual Studio Solution File, Format Version 12.00
# Visual Studio Version 16
VisualStudioVersion = 16.0.30128.74
MinimumVisualStudioVersion = 10.0.40219.1
Project("{FAE04EC0-301F-11D3-BF4B-00C04F79EFBC}") = "GameGenix.Android", "GameGenix\GameGenix.Android\GameGenix.Android.csproj", "{072C5ECC-4083-4EBF-8708-EB981F84B724}"
EndProject
Project("{FAE04EC0-301F-11D3-BF4B-00C04F79EFBC}") = "GameGenix.iOS", "GameGenix\GameGenix.iOS\GameGenix.iOS.csproj", "{BD017AFB-AEE5-45D5-847A-0C579C1D0ED7}"
EndProject
Project("{FAE04EC0-301F-11D3-BF4B-00C04F79EFBC}") = "GameGenix", "GameGenix\GameGenix\GameGenix.csproj", "{3C1A337C-ED05-40C6-B1BD-B5A7B9202DC9}"
EndProject
Global
	GlobalSection(SolutionConfigurationPlatforms) = preSolution
		Debug|Any CPU = Debug|Any CPU
		Debug|iPhone = Debug|iPhone
		Debug|iPhoneSimulator = Debug|iPhoneSimulator
		Release|Any CPU = Release|Any CPU
		Release|iPhone = Release|iPhone
		Release|iPhoneSimulator = Release|iPhoneSimulator
	EndGlobalSection
	GlobalSection(ProjectConfigurationPlatforms) = postSolution
		{072C5ECC-4083-4EBF-8708-EB981F84B724}.Debug|Any CPU.ActiveCfg = Debug|Any CPU
		{072C5ECC-4083-4EBF-8708-EB981F84B724}.Debug|Any CPU.Build.0 = Debug|Any CPU
		{072C5ECC-4083-4EBF-8708-EB981F84B724}.Debug|Any CPU.Deploy.0 = Debug|Any CPU
		{072C5ECC-4083-4EBF-8708-EB981F84B724}.Debug|iPhone.ActiveCfg = Debug|Any CPU
		{072C5ECC-4083-4EBF-8708-EB981F84B724}.Debug|iPhone.Build.0 = Debug|Any CPU
		{072C5ECC-4083-4EBF-8708-EB981F84B724}.Debug|iPhone.Deploy.0 = Debug|Any CPU
		{072C5ECC-4083-4EBF-8708-EB981F84B724}.Debug|iPhoneSimulator.ActiveCfg = Debug|Any CPU
		{072C5ECC-4083-4EBF-8708-EB981F84B724}.Debug|iPhoneSimulator.Build.0 = Debug|Any CPU
		{072C5ECC-4083-4EBF-8708-EB981F84B724}.Debug|iPhoneSimulator.Deploy.0 = Debug|Any CPU
		{072C5ECC-4083-4EBF-8708-EB981F84B724}.Release|Any CPU.ActiveCfg = Release|Any CPU
		{072C5ECC-4083-4EBF-8708-EB981F84B724}.Release|Any CPU.Build.0 = Release|Any CPU
		{072C5ECC-4083-4EBF-8708-EB981F84B724}.Release|Any CPU.Deploy.0 = Release|Any CPU
		{072C5ECC-4083-4EBF-8708-EB981F84B724}.Release|iPhone.ActiveCfg = Release|Any CPU
		{072C5ECC-4083-4EBF-8708-EB981F84B724}.Release|iPhone.Build.0 = Release|Any CPU
		{072C5ECC-4083-4EBF-8708-EB981F84B724}.Release|iPhone.Deploy.0 = Release|Any CPU
		{072C5ECC-4083-4EBF-8708-EB981F84B724}.Release|iPhoneSimulator.ActiveCfg = Release|Any CPU
		{072C5ECC-4083-4EBF-8708-EB981F84B724}.Release|iPhoneSimulator.Build.0 = Release|Any CPU
		{072C5ECC-4083-4EBF-8708-EB981F84B724}.Release|iPhoneSimulator.Deploy.0 = Release|Any CPU
		{BD017AFB-AEE5-45D5-847A-0C579C1D0ED7}.Debug|Any CPU.ActiveCfg = Debug|iPhone
		{BD017AFB-AEE5-45D5-847A-0C579C1D0ED7}.Debug|Any CPU.Build.0 = Debug|iPhone
		{BD017AFB-AEE5-45D5-847A-0C579C1D0ED7}.Debug|Any CPU.Deploy.0 = Debug|iPhone
		{BD017AFB-AEE5-45D5-847A-0C579C1D0ED7}.Debug|iPhone.ActiveCfg = Debug|iPhone
		{BD017AFB-AEE5-45D5-847A-0C579C1D0ED7}.Debug|iPhone.Build.0 = Debug|iPhone
		{BD017AFB-AEE5-45D5-847A-0C579C1D0ED7}.Debug|iPhone.Deploy.0 = Debug|iPhone
		{BD017AFB-AEE5-45D5-847A-0C579C1D0ED7}.Debug|iPhoneSimulator.ActiveCfg = Debug|iPhoneSimulator
		{BD017AFB-AEE5-45D5-847A-0C579C1D0ED7}.Debug|iPhoneSimulator.Build.0 = Debug|iPhoneSimulator
		{BD017AFB-AEE5-45D5-847A-0C579C1D0ED7}.Debug|iPhoneSimulator.Deploy.0 = Debug|iPhoneSimulator
		{BD017AFB-AEE5-45D5-847A-0C579C1D0ED7}.Release|Any CPU.ActiveCfg = Release|iPhone
		{BD017AFB-AEE5-45D5-847A-0C579C1D0ED7}.Release|Any CPU.Build.0 = Release|iPhone
		{BD017AFB-AEE5-45D5-847A-0C579C1D0ED7}.Release|Any CPU.Deploy.0 = Release|iPhone
		{BD017AFB-AEE5-45D5-847A-0C579C1D0ED7}.Release|iPhone.ActiveCfg = Release|iPhone
		{BD017AFB-AEE5-45D5-847A-0C579C1D0ED7}.Release|iPhone.Build.0 = Release|iPhone
		{BD017AFB-AEE5-45D5-847A-0C579C1D0ED7}.Release|iPhone.Deploy.0 = Release|iPhone
		{BD017AFB-AEE5-45D5-847A-0C579C1D0ED7}.Release|iPhoneSimulator.ActiveCfg = Release|iPhoneSimulator
		{BD017AFB-AEE5-45D5-847A-0C579C1D0ED7}.Release|iPhoneSimulator.Build.0 = Release|iPhoneSimulator
		{BD017AFB-AEE5-45D5-847A-0C579C1D0ED7}.Release|iPhoneSimulator.Deploy.0 = Release|iPhoneSimulator
		{3C1A337C-ED05-40C6-B1BD-B5A7B9202DC9}.Debug|Any CPU.ActiveCfg = Debug|Any CPU
		{3C1A337C-ED05-40C6-B1BD-B5A7B9202DC9}.Debug|Any CPU.Build.0 = Debug|Any CPU
		{3C1A337C-ED05-40C6-B1BD-B5A7B9202DC9}.Debug|Any CPU.Deploy.0 = Debug|Any CPU
		{3C1A337C-ED05-40C6-B1BD-B5A7B9202DC9}.Debug|iPhone.ActiveCfg = Debug|Any CPU
		{3C1A337C-ED05-40C6-B1BD-B5A7B9202DC9}.Debug|iPhone.Build.0 = Debug|Any CPU
		{3C1A337C-ED05-40C6-B1BD-B5A7B9202DC9}.Debug|iPhone.Deploy.0 = Debug|Any CPU
		{3C1A337C-ED05-40C6-B1BD-B5A7B9202DC9}.Debug|iPhoneSimulator.ActiveCfg = Debug|Any CPU
		{3C1A337C-ED05-40C6-B1BD-B5A7B9202DC9}.Debug|iPhoneSimulator.Build.0 = Debug|Any CPU
		{3C1A337C-ED05-40C6-B1BD-B5A7B9202DC9}.Debug|iPhoneSimulator.Deploy.0 = Debug|Any CPU
		{3C1A337C-ED05-40C6-B1BD-B5A7B9202DC9}.Release|Any CPU.ActiveCfg = Release|Any CPU
		{3C1A337C-ED05-40C6-B1BD-B5A7B9202DC9}.Release|Any CPU.Build.0 = Release|Any CPU
		{3C1A337C-ED05-40C6-B1BD-B5A7B9202DC9}.Release|Any CPU.Deploy.0 = Release|Any CPU
		{3C1A337C-ED05-40C6-B1BD-B5A7B9202DC9}.Release|iPhone.ActiveCfg = Release|Any CPU
		{3C1A337C-ED05-40C6-B1BD-B5A7B9202DC9}.Release|iPhone.Build.0 = Release|Any CPU
		{3C1A337C-ED05-40C6-B1BD-B5A7B9202DC9}.Release|iPhone.Deploy.0 = Release|Any CPU
		{3C1A337C-ED05-40C6-B1BD-B5A7B9202DC9}.Release|iPhoneSimulator.ActiveCfg = Release|Any CPU
		{3C1A337C-ED05-40C6-B1BD-B5A7B9202DC9}.Release|iPhoneSimulator.Build.0 = Release|Any CPU
		{3C1A337C-ED05-40C6-B1BD-B5A7B9202DC9}.Release|iPhoneSimulator.Deploy.0 = Release|Any CPU
	EndGlobalSection
	GlobalSection(SolutionProperties) = preSolution
		HideSolutionNode = FALSE
	EndGlobalSection
	GlobalSection(ExtensibilityGlobals) = postSolution
		SolutionGuid = {F6A22701-2E4E-46B0-B991-184644C852C9}
	EndGlobalSection
EndGlobal
